
Microsoft Visual Studio Solution File, Format Version 12.00
# Visual Studio Version 16
VisualStudioVersion = 16.0.30406.217
MinimumVisualStudioVersion = 10.0.40219.1
Project("{9A19103F-16F7-4668-BE54-9A1E7A4F7556}") = "Pictua.GoogleDrive", "Pictua.GoogleDrive\Pictua.GoogleDrive.csproj", "{43EF23B7-AF25-452C-9B22-93041929DC9A}"
EndProject
Project("{2150E333-8FDC-42A3-9474-1A3956D46DE8}") = "Backends", "Backends", "{D7316966-CDBC-40E4-AA35-C2EF451D062E}"
EndProject
Project("{FAE04EC0-301F-11D3-BF4B-00C04F79EFBC}") = "Pictua.OneDrive", "Pictua.OneDrive\Pictua.OneDrive.csproj", "{C4C7AF52-9BE6-4E9F-9840-F059D24E35EE}"
EndProject
Project("{9A19103F-16F7-4668-BE54-9A1E7A4F7556}") = "Pictua", "Pictua\Pictua.csproj", "{646B5278-7F7E-4E7F-8E05-9AEE0DCE5B0C}"
EndProject
Global
	GlobalSection(SolutionConfigurationPlatforms) = preSolution
		Debug|Any CPU = Debug|Any CPU
		Release|Any CPU = Release|Any CPU
	EndGlobalSection
	GlobalSection(ProjectConfigurationPlatforms) = postSolution
		{43EF23B7-AF25-452C-9B22-93041929DC9A}.Debug|Any CPU.ActiveCfg = Debug|Any CPU
		{43EF23B7-AF25-452C-9B22-93041929DC9A}.Debug|Any CPU.Build.0 = Debug|Any CPU
		{43EF23B7-AF25-452C-9B22-93041929DC9A}.Release|Any CPU.ActiveCfg = Release|Any CPU
		{43EF23B7-AF25-452C-9B22-93041929DC9A}.Release|Any CPU.Build.0 = Release|Any CPU
		{C4C7AF52-9BE6-4E9F-9840-F059D24E35EE}.Debug|Any CPU.ActiveCfg = Debug|Any CPU
		{C4C7AF52-9BE6-4E9F-9840-F059D24E35EE}.Debug|Any CPU.Build.0 = Debug|Any CPU
		{C4C7AF52-9BE6-4E9F-9840-F059D24E35EE}.Release|Any CPU.ActiveCfg = Release|Any CPU
		{C4C7AF52-9BE6-4E9F-9840-F059D24E35EE}.Release|Any CPU.Build.0 = Release|Any CPU
		{646B5278-7F7E-4E7F-8E05-9AEE0DCE5B0C}.Debug|Any CPU.ActiveCfg = Debug|Any CPU
		{646B5278-7F7E-4E7F-8E05-9AEE0DCE5B0C}.Debug|Any CPU.Build.0 = Debug|Any CPU
		{646B5278-7F7E-4E7F-8E05-9AEE0DCE5B0C}.Release|Any CPU.ActiveCfg = Release|Any CPU
		{646B5278-7F7E-4E7F-8E05-9AEE0DCE5B0C}.Release|Any CPU.Build.0 = Release|Any CPU
	EndGlobalSection
	GlobalSection(SolutionProperties) = preSolution
		HideSolutionNode = FALSE
	EndGlobalSection
	GlobalSection(NestedProjects) = preSolution
		{43EF23B7-AF25-452C-9B22-93041929DC9A} = {D7316966-CDBC-40E4-AA35-C2EF451D062E}
		{C4C7AF52-9BE6-4E9F-9840-F059D24E35EE} = {D7316966-CDBC-40E4-AA35-C2EF451D062E}
	EndGlobalSection
	GlobalSection(ExtensibilityGlobals) = postSolution
		SolutionGuid = {85A3CBE0-873F-42BD-BB61-687FB13780B0}
	EndGlobalSection
EndGlobal
