
Microsoft Visual Studio Solution File, Format Version 12.00
# Visual Studio Version 16
VisualStudioVersion = 16.0.30406.217
MinimumVisualStudioVersion = 10.0.40219.1
Project("{9A19103F-16F7-4668-BE54-9A1E7A4F7556}") = "Pictua.GoogleDrive", "Pictua.GoogleDrive\Pictua.GoogleDrive.csproj", "{43EF23B7-AF25-452C-9B22-93041929DC9A}"
EndProject
Project("{2150E333-8FDC-42A3-9474-1A3956D46DE8}") = "Backends", "Backends", "{D7316966-CDBC-40E4-AA35-C2EF451D062E}"
EndProject
Project("{FAE04EC0-301F-11D3-BF4B-00C04F79EFBC}") = "Pictua.OneDrive", "Pictua.OneDrive\Pictua.OneDrive.csproj", "{C4C7AF52-9BE6-4E9F-9840-F059D24E35EE}"
EndProject
Project("{9A19103F-16F7-4668-BE54-9A1E7A4F7556}") = "Pictua", "Pictua\Pictua.csproj", "{646B5278-7F7E-4E7F-8E05-9AEE0DCE5B0C}"
EndProject
Project("{FAE04EC0-301F-11D3-BF4B-00C04F79EFBC}") = "Pictua.XFUI.UWP", "Pictua.XFUI\Pictua.XFUI.UWP\Pictua.XFUI.UWP.csproj", "{D33951FB-CA24-4719-BFD4-6188E7F38A71}"
EndProject
Project("{FAE04EC0-301F-11D3-BF4B-00C04F79EFBC}") = "Pictua.XFUI.Android", "Pictua.XFUI\Pictua.XFUI.Android\Pictua.XFUI.Android.csproj", "{66A0E155-BCA7-4D42-9F17-356374A45C01}"
EndProject
Project("{FAE04EC0-301F-11D3-BF4B-00C04F79EFBC}") = "Pictua.XFUI.iOS", "Pictua.XFUI\Pictua.XFUI.iOS\Pictua.XFUI.iOS.csproj", "{11C225F8-081C-4408-8471-E618DDDDD7D3}"
EndProject
Project("{FAE04EC0-301F-11D3-BF4B-00C04F79EFBC}") = "Pictua.XFUI", "Pictua.XFUI\Pictua.XFUI\Pictua.XFUI.csproj", "{945A005B-1BB6-4C26-AD38-B5B2EF1D342E}"
EndProject
Project("{2150E333-8FDC-42A3-9474-1A3956D46DE8}") = "XFUI", "XFUI", "{7AF7982D-5FF0-4319-BB4A-51C6C12371FE}"
EndProject
Global
	GlobalSection(SolutionConfigurationPlatforms) = preSolution
		Debug|Any CPU = Debug|Any CPU
		Debug|ARM = Debug|ARM
		Debug|iPhone = Debug|iPhone
		Debug|iPhoneSimulator = Debug|iPhoneSimulator
		Debug|x64 = Debug|x64
		Debug|x86 = Debug|x86
		Release|Any CPU = Release|Any CPU
		Release|ARM = Release|ARM
		Release|iPhone = Release|iPhone
		Release|iPhoneSimulator = Release|iPhoneSimulator
		Release|x64 = Release|x64
		Release|x86 = Release|x86
	EndGlobalSection
	GlobalSection(ProjectConfigurationPlatforms) = postSolution
		{43EF23B7-AF25-452C-9B22-93041929DC9A}.Debug|Any CPU.ActiveCfg = Debug|Any CPU
		{43EF23B7-AF25-452C-9B22-93041929DC9A}.Debug|Any CPU.Build.0 = Debug|Any CPU
		{43EF23B7-AF25-452C-9B22-93041929DC9A}.Debug|ARM.ActiveCfg = Debug|Any CPU
		{43EF23B7-AF25-452C-9B22-93041929DC9A}.Debug|ARM.Build.0 = Debug|Any CPU
		{43EF23B7-AF25-452C-9B22-93041929DC9A}.Debug|iPhone.ActiveCfg = Debug|Any CPU
		{43EF23B7-AF25-452C-9B22-93041929DC9A}.Debug|iPhone.Build.0 = Debug|Any CPU
		{43EF23B7-AF25-452C-9B22-93041929DC9A}.Debug|iPhoneSimulator.ActiveCfg = Debug|Any CPU
		{43EF23B7-AF25-452C-9B22-93041929DC9A}.Debug|iPhoneSimulator.Build.0 = Debug|Any CPU
		{43EF23B7-AF25-452C-9B22-93041929DC9A}.Debug|x64.ActiveCfg = Debug|Any CPU
		{43EF23B7-AF25-452C-9B22-93041929DC9A}.Debug|x64.Build.0 = Debug|Any CPU
		{43EF23B7-AF25-452C-9B22-93041929DC9A}.Debug|x86.ActiveCfg = Debug|Any CPU
		{43EF23B7-AF25-452C-9B22-93041929DC9A}.Debug|x86.Build.0 = Debug|Any CPU
		{43EF23B7-AF25-452C-9B22-93041929DC9A}.Release|Any CPU.ActiveCfg = Release|Any CPU
		{43EF23B7-AF25-452C-9B22-93041929DC9A}.Release|Any CPU.Build.0 = Release|Any CPU
		{43EF23B7-AF25-452C-9B22-93041929DC9A}.Release|ARM.ActiveCfg = Release|Any CPU
		{43EF23B7-AF25-452C-9B22-93041929DC9A}.Release|ARM.Build.0 = Release|Any CPU
		{43EF23B7-AF25-452C-9B22-93041929DC9A}.Release|iPhone.ActiveCfg = Release|Any CPU
		{43EF23B7-AF25-452C-9B22-93041929DC9A}.Release|iPhone.Build.0 = Release|Any CPU
		{43EF23B7-AF25-452C-9B22-93041929DC9A}.Release|iPhoneSimulator.ActiveCfg = Release|Any CPU
		{43EF23B7-AF25-452C-9B22-93041929DC9A}.Release|iPhoneSimulator.Build.0 = Release|Any CPU
		{43EF23B7-AF25-452C-9B22-93041929DC9A}.Release|x64.ActiveCfg = Release|Any CPU
		{43EF23B7-AF25-452C-9B22-93041929DC9A}.Release|x64.Build.0 = Release|Any CPU
		{43EF23B7-AF25-452C-9B22-93041929DC9A}.Release|x86.ActiveCfg = Release|Any CPU
		{43EF23B7-AF25-452C-9B22-93041929DC9A}.Release|x86.Build.0 = Release|Any CPU
		{C4C7AF52-9BE6-4E9F-9840-F059D24E35EE}.Debug|Any CPU.ActiveCfg = Debug|Any CPU
		{C4C7AF52-9BE6-4E9F-9840-F059D24E35EE}.Debug|Any CPU.Build.0 = Debug|Any CPU
		{C4C7AF52-9BE6-4E9F-9840-F059D24E35EE}.Debug|ARM.ActiveCfg = Debug|Any CPU
		{C4C7AF52-9BE6-4E9F-9840-F059D24E35EE}.Debug|ARM.Build.0 = Debug|Any CPU
		{C4C7AF52-9BE6-4E9F-9840-F059D24E35EE}.Debug|iPhone.ActiveCfg = Debug|Any CPU
		{C4C7AF52-9BE6-4E9F-9840-F059D24E35EE}.Debug|iPhone.Build.0 = Debug|Any CPU
		{C4C7AF52-9BE6-4E9F-9840-F059D24E35EE}.Debug|iPhoneSimulator.ActiveCfg = Debug|Any CPU
		{C4C7AF52-9BE6-4E9F-9840-F059D24E35EE}.Debug|iPhoneSimulator.Build.0 = Debug|Any CPU
		{C4C7AF52-9BE6-4E9F-9840-F059D24E35EE}.Debug|x64.ActiveCfg = Debug|Any CPU
		{C4C7AF52-9BE6-4E9F-9840-F059D24E35EE}.Debug|x64.Build.0 = Debug|Any CPU
		{C4C7AF52-9BE6-4E9F-9840-F059D24E35EE}.Debug|x86.ActiveCfg = Debug|Any CPU
		{C4C7AF52-9BE6-4E9F-9840-F059D24E35EE}.Debug|x86.Build.0 = Debug|Any CPU
		{C4C7AF52-9BE6-4E9F-9840-F059D24E35EE}.Release|Any CPU.ActiveCfg = Release|Any CPU
		{C4C7AF52-9BE6-4E9F-9840-F059D24E35EE}.Release|Any CPU.Build.0 = Release|Any CPU
		{C4C7AF52-9BE6-4E9F-9840-F059D24E35EE}.Release|ARM.ActiveCfg = Release|Any CPU
		{C4C7AF52-9BE6-4E9F-9840-F059D24E35EE}.Release|ARM.Build.0 = Release|Any CPU
		{C4C7AF52-9BE6-4E9F-9840-F059D24E35EE}.Release|iPhone.ActiveCfg = Release|Any CPU
		{C4C7AF52-9BE6-4E9F-9840-F059D24E35EE}.Release|iPhone.Build.0 = Release|Any CPU
		{C4C7AF52-9BE6-4E9F-9840-F059D24E35EE}.Release|iPhoneSimulator.ActiveCfg = Release|Any CPU
		{C4C7AF52-9BE6-4E9F-9840-F059D24E35EE}.Release|iPhoneSimulator.Build.0 = Release|Any CPU
		{C4C7AF52-9BE6-4E9F-9840-F059D24E35EE}.Release|x64.ActiveCfg = Release|Any CPU
		{C4C7AF52-9BE6-4E9F-9840-F059D24E35EE}.Release|x64.Build.0 = Release|Any CPU
		{C4C7AF52-9BE6-4E9F-9840-F059D24E35EE}.Release|x86.ActiveCfg = Release|Any CPU
		{C4C7AF52-9BE6-4E9F-9840-F059D24E35EE}.Release|x86.Build.0 = Release|Any CPU
		{646B5278-7F7E-4E7F-8E05-9AEE0DCE5B0C}.Debug|Any CPU.ActiveCfg = Debug|Any CPU
		{646B5278-7F7E-4E7F-8E05-9AEE0DCE5B0C}.Debug|Any CPU.Build.0 = Debug|Any CPU
		{646B5278-7F7E-4E7F-8E05-9AEE0DCE5B0C}.Debug|ARM.ActiveCfg = Debug|Any CPU
		{646B5278-7F7E-4E7F-8E05-9AEE0DCE5B0C}.Debug|ARM.Build.0 = Debug|Any CPU
		{646B5278-7F7E-4E7F-8E05-9AEE0DCE5B0C}.Debug|iPhone.ActiveCfg = Debug|Any CPU
		{646B5278-7F7E-4E7F-8E05-9AEE0DCE5B0C}.Debug|iPhone.Build.0 = Debug|Any CPU
		{646B5278-7F7E-4E7F-8E05-9AEE0DCE5B0C}.Debug|iPhoneSimulator.ActiveCfg = Debug|Any CPU
		{646B5278-7F7E-4E7F-8E05-9AEE0DCE5B0C}.Debug|iPhoneSimulator.Build.0 = Debug|Any CPU
		{646B5278-7F7E-4E7F-8E05-9AEE0DCE5B0C}.Debug|x64.ActiveCfg = Debug|Any CPU
		{646B5278-7F7E-4E7F-8E05-9AEE0DCE5B0C}.Debug|x64.Build.0 = Debug|Any CPU
		{646B5278-7F7E-4E7F-8E05-9AEE0DCE5B0C}.Debug|x86.ActiveCfg = Debug|Any CPU
		{646B5278-7F7E-4E7F-8E05-9AEE0DCE5B0C}.Debug|x86.Build.0 = Debug|Any CPU
		{646B5278-7F7E-4E7F-8E05-9AEE0DCE5B0C}.Release|Any CPU.ActiveCfg = Release|Any CPU
		{646B5278-7F7E-4E7F-8E05-9AEE0DCE5B0C}.Release|Any CPU.Build.0 = Release|Any CPU
		{646B5278-7F7E-4E7F-8E05-9AEE0DCE5B0C}.Release|ARM.ActiveCfg = Release|Any CPU
		{646B5278-7F7E-4E7F-8E05-9AEE0DCE5B0C}.Release|ARM.Build.0 = Release|Any CPU
		{646B5278-7F7E-4E7F-8E05-9AEE0DCE5B0C}.Release|iPhone.ActiveCfg = Release|Any CPU
		{646B5278-7F7E-4E7F-8E05-9AEE0DCE5B0C}.Release|iPhone.Build.0 = Release|Any CPU
		{646B5278-7F7E-4E7F-8E05-9AEE0DCE5B0C}.Release|iPhoneSimulator.ActiveCfg = Release|Any CPU
		{646B5278-7F7E-4E7F-8E05-9AEE0DCE5B0C}.Release|iPhoneSimulator.Build.0 = Release|Any CPU
		{646B5278-7F7E-4E7F-8E05-9AEE0DCE5B0C}.Release|x64.ActiveCfg = Release|Any CPU
		{646B5278-7F7E-4E7F-8E05-9AEE0DCE5B0C}.Release|x64.Build.0 = Release|Any CPU
		{646B5278-7F7E-4E7F-8E05-9AEE0DCE5B0C}.Release|x86.ActiveCfg = Release|Any CPU
		{646B5278-7F7E-4E7F-8E05-9AEE0DCE5B0C}.Release|x86.Build.0 = Release|Any CPU
		{D33951FB-CA24-4719-BFD4-6188E7F38A71}.Debug|Any CPU.ActiveCfg = Debug|x86
		{D33951FB-CA24-4719-BFD4-6188E7F38A71}.Debug|ARM.ActiveCfg = Debug|ARM
		{D33951FB-CA24-4719-BFD4-6188E7F38A71}.Debug|ARM.Build.0 = Debug|ARM
		{D33951FB-CA24-4719-BFD4-6188E7F38A71}.Debug|ARM.Deploy.0 = Debug|ARM
		{D33951FB-CA24-4719-BFD4-6188E7F38A71}.Debug|iPhone.ActiveCfg = Debug|x86
		{D33951FB-CA24-4719-BFD4-6188E7F38A71}.Debug|iPhoneSimulator.ActiveCfg = Debug|x86
		{D33951FB-CA24-4719-BFD4-6188E7F38A71}.Debug|x64.ActiveCfg = Debug|x64
		{D33951FB-CA24-4719-BFD4-6188E7F38A71}.Debug|x64.Build.0 = Debug|x64
		{D33951FB-CA24-4719-BFD4-6188E7F38A71}.Debug|x64.Deploy.0 = Debug|x64
		{D33951FB-CA24-4719-BFD4-6188E7F38A71}.Debug|x86.ActiveCfg = Debug|x86
		{D33951FB-CA24-4719-BFD4-6188E7F38A71}.Debug|x86.Build.0 = Debug|x86
		{D33951FB-CA24-4719-BFD4-6188E7F38A71}.Debug|x86.Deploy.0 = Debug|x86
		{D33951FB-CA24-4719-BFD4-6188E7F38A71}.Release|Any CPU.ActiveCfg = Release|x86
		{D33951FB-CA24-4719-BFD4-6188E7F38A71}.Release|ARM.ActiveCfg = Release|ARM
		{D33951FB-CA24-4719-BFD4-6188E7F38A71}.Release|ARM.Build.0 = Release|ARM
		{D33951FB-CA24-4719-BFD4-6188E7F38A71}.Release|ARM.Deploy.0 = Release|ARM
		{D33951FB-CA24-4719-BFD4-6188E7F38A71}.Release|iPhone.ActiveCfg = Release|x86
		{D33951FB-CA24-4719-BFD4-6188E7F38A71}.Release|iPhoneSimulator.ActiveCfg = Release|x86
		{D33951FB-CA24-4719-BFD4-6188E7F38A71}.Release|x64.ActiveCfg = Release|x64
		{D33951FB-CA24-4719-BFD4-6188E7F38A71}.Release|x64.Build.0 = Release|x64
		{D33951FB-CA24-4719-BFD4-6188E7F38A71}.Release|x64.Deploy.0 = Release|x64
		{D33951FB-CA24-4719-BFD4-6188E7F38A71}.Release|x86.ActiveCfg = Release|x86
		{D33951FB-CA24-4719-BFD4-6188E7F38A71}.Release|x86.Build.0 = Release|x86
		{D33951FB-CA24-4719-BFD4-6188E7F38A71}.Release|x86.Deploy.0 = Release|x86
		{66A0E155-BCA7-4D42-9F17-356374A45C01}.Debug|Any CPU.ActiveCfg = Debug|Any CPU
		{66A0E155-BCA7-4D42-9F17-356374A45C01}.Debug|Any CPU.Build.0 = Debug|Any CPU
		{66A0E155-BCA7-4D42-9F17-356374A45C01}.Debug|Any CPU.Deploy.0 = Debug|Any CPU
		{66A0E155-BCA7-4D42-9F17-356374A45C01}.Debug|ARM.ActiveCfg = Debug|Any CPU
		{66A0E155-BCA7-4D42-9F17-356374A45C01}.Debug|ARM.Build.0 = Debug|Any CPU
		{66A0E155-BCA7-4D42-9F17-356374A45C01}.Debug|ARM.Deploy.0 = Debug|Any CPU
		{66A0E155-BCA7-4D42-9F17-356374A45C01}.Debug|iPhone.ActiveCfg = Debug|Any CPU
		{66A0E155-BCA7-4D42-9F17-356374A45C01}.Debug|iPhone.Build.0 = Debug|Any CPU
		{66A0E155-BCA7-4D42-9F17-356374A45C01}.Debug|iPhone.Deploy.0 = Debug|Any CPU
		{66A0E155-BCA7-4D42-9F17-356374A45C01}.Debug|iPhoneSimulator.ActiveCfg = Debug|Any CPU
		{66A0E155-BCA7-4D42-9F17-356374A45C01}.Debug|iPhoneSimulator.Build.0 = Debug|Any CPU
		{66A0E155-BCA7-4D42-9F17-356374A45C01}.Debug|iPhoneSimulator.Deploy.0 = Debug|Any CPU
		{66A0E155-BCA7-4D42-9F17-356374A45C01}.Debug|x64.ActiveCfg = Debug|Any CPU
		{66A0E155-BCA7-4D42-9F17-356374A45C01}.Debug|x64.Build.0 = Debug|Any CPU
		{66A0E155-BCA7-4D42-9F17-356374A45C01}.Debug|x64.Deploy.0 = Debug|Any CPU
		{66A0E155-BCA7-4D42-9F17-356374A45C01}.Debug|x86.ActiveCfg = Debug|Any CPU
		{66A0E155-BCA7-4D42-9F17-356374A45C01}.Debug|x86.Build.0 = Debug|Any CPU
		{66A0E155-BCA7-4D42-9F17-356374A45C01}.Debug|x86.Deploy.0 = Debug|Any CPU
		{66A0E155-BCA7-4D42-9F17-356374A45C01}.Release|Any CPU.ActiveCfg = Release|Any CPU
		{66A0E155-BCA7-4D42-9F17-356374A45C01}.Release|Any CPU.Build.0 = Release|Any CPU
		{66A0E155-BCA7-4D42-9F17-356374A45C01}.Release|Any CPU.Deploy.0 = Release|Any CPU
		{66A0E155-BCA7-4D42-9F17-356374A45C01}.Release|ARM.ActiveCfg = Release|Any CPU
		{66A0E155-BCA7-4D42-9F17-356374A45C01}.Release|ARM.Build.0 = Release|Any CPU
		{66A0E155-BCA7-4D42-9F17-356374A45C01}.Release|ARM.Deploy.0 = Release|Any CPU
		{66A0E155-BCA7-4D42-9F17-356374A45C01}.Release|iPhone.ActiveCfg = Release|Any CPU
		{66A0E155-BCA7-4D42-9F17-356374A45C01}.Release|iPhone.Build.0 = Release|Any CPU
		{66A0E155-BCA7-4D42-9F17-356374A45C01}.Release|iPhone.Deploy.0 = Release|Any CPU
		{66A0E155-BCA7-4D42-9F17-356374A45C01}.Release|iPhoneSimulator.ActiveCfg = Release|Any CPU
		{66A0E155-BCA7-4D42-9F17-356374A45C01}.Release|iPhoneSimulator.Build.0 = Release|Any CPU
		{66A0E155-BCA7-4D42-9F17-356374A45C01}.Release|iPhoneSimulator.Deploy.0 = Release|Any CPU
		{66A0E155-BCA7-4D42-9F17-356374A45C01}.Release|x64.ActiveCfg = Release|Any CPU
		{66A0E155-BCA7-4D42-9F17-356374A45C01}.Release|x64.Build.0 = Release|Any CPU
		{66A0E155-BCA7-4D42-9F17-356374A45C01}.Release|x64.Deploy.0 = Release|Any CPU
		{66A0E155-BCA7-4D42-9F17-356374A45C01}.Release|x86.ActiveCfg = Release|Any CPU
		{66A0E155-BCA7-4D42-9F17-356374A45C01}.Release|x86.Build.0 = Release|Any CPU
		{66A0E155-BCA7-4D42-9F17-356374A45C01}.Release|x86.Deploy.0 = Release|Any CPU
		{11C225F8-081C-4408-8471-E618DDDDD7D3}.Debug|Any CPU.ActiveCfg = Debug|iPhone
		{11C225F8-081C-4408-8471-E618DDDDD7D3}.Debug|ARM.ActiveCfg = Debug|iPhone
		{11C225F8-081C-4408-8471-E618DDDDD7D3}.Debug|iPhone.ActiveCfg = Debug|iPhone
		{11C225F8-081C-4408-8471-E618DDDDD7D3}.Debug|iPhone.Build.0 = Debug|iPhone
		{11C225F8-081C-4408-8471-E618DDDDD7D3}.Debug|iPhoneSimulator.ActiveCfg = Debug|iPhoneSimulator
		{11C225F8-081C-4408-8471-E618DDDDD7D3}.Debug|iPhoneSimulator.Build.0 = Debug|iPhoneSimulator
		{11C225F8-081C-4408-8471-E618DDDDD7D3}.Debug|x64.ActiveCfg = Debug|iPhone
		{11C225F8-081C-4408-8471-E618DDDDD7D3}.Debug|x86.ActiveCfg = Debug|iPhone
		{11C225F8-081C-4408-8471-E618DDDDD7D3}.Release|Any CPU.ActiveCfg = Release|iPhone
		{11C225F8-081C-4408-8471-E618DDDDD7D3}.Release|ARM.ActiveCfg = Release|iPhone
		{11C225F8-081C-4408-8471-E618DDDDD7D3}.Release|iPhone.ActiveCfg = Release|iPhone
		{11C225F8-081C-4408-8471-E618DDDDD7D3}.Release|iPhone.Build.0 = Release|iPhone
		{11C225F8-081C-4408-8471-E618DDDDD7D3}.Release|iPhoneSimulator.ActiveCfg = Release|iPhoneSimulator
		{11C225F8-081C-4408-8471-E618DDDDD7D3}.Release|iPhoneSimulator.Build.0 = Release|iPhoneSimulator
		{11C225F8-081C-4408-8471-E618DDDDD7D3}.Release|x64.ActiveCfg = Release|iPhone
		{11C225F8-081C-4408-8471-E618DDDDD7D3}.Release|x86.ActiveCfg = Release|iPhone
		{945A005B-1BB6-4C26-AD38-B5B2EF1D342E}.Debug|Any CPU.ActiveCfg = Debug|Any CPU
		{945A005B-1BB6-4C26-AD38-B5B2EF1D342E}.Debug|Any CPU.Build.0 = Debug|Any CPU
		{945A005B-1BB6-4C26-AD38-B5B2EF1D342E}.Debug|ARM.ActiveCfg = Debug|Any CPU
		{945A005B-1BB6-4C26-AD38-B5B2EF1D342E}.Debug|ARM.Build.0 = Debug|Any CPU
		{945A005B-1BB6-4C26-AD38-B5B2EF1D342E}.Debug|iPhone.ActiveCfg = Debug|Any CPU
		{945A005B-1BB6-4C26-AD38-B5B2EF1D342E}.Debug|iPhone.Build.0 = Debug|Any CPU
		{945A005B-1BB6-4C26-AD38-B5B2EF1D342E}.Debug|iPhoneSimulator.ActiveCfg = Debug|Any CPU
		{945A005B-1BB6-4C26-AD38-B5B2EF1D342E}.Debug|iPhoneSimulator.Build.0 = Debug|Any CPU
		{945A005B-1BB6-4C26-AD38-B5B2EF1D342E}.Debug|x64.ActiveCfg = Debug|Any CPU
		{945A005B-1BB6-4C26-AD38-B5B2EF1D342E}.Debug|x64.Build.0 = Debug|Any CPU
		{945A005B-1BB6-4C26-AD38-B5B2EF1D342E}.Debug|x86.ActiveCfg = Debug|Any CPU
		{945A005B-1BB6-4C26-AD38-B5B2EF1D342E}.Debug|x86.Build.0 = Debug|Any CPU
		{945A005B-1BB6-4C26-AD38-B5B2EF1D342E}.Release|Any CPU.ActiveCfg = Release|Any CPU
		{945A005B-1BB6-4C26-AD38-B5B2EF1D342E}.Release|Any CPU.Build.0 = Release|Any CPU
		{945A005B-1BB6-4C26-AD38-B5B2EF1D342E}.Release|ARM.ActiveCfg = Release|Any CPU
		{945A005B-1BB6-4C26-AD38-B5B2EF1D342E}.Release|ARM.Build.0 = Release|Any CPU
		{945A005B-1BB6-4C26-AD38-B5B2EF1D342E}.Release|iPhone.ActiveCfg = Release|Any CPU
		{945A005B-1BB6-4C26-AD38-B5B2EF1D342E}.Release|iPhone.Build.0 = Release|Any CPU
		{945A005B-1BB6-4C26-AD38-B5B2EF1D342E}.Release|iPhoneSimulator.ActiveCfg = Release|Any CPU
		{945A005B-1BB6-4C26-AD38-B5B2EF1D342E}.Release|iPhoneSimulator.Build.0 = Release|Any CPU
		{945A005B-1BB6-4C26-AD38-B5B2EF1D342E}.Release|x64.ActiveCfg = Release|Any CPU
		{945A005B-1BB6-4C26-AD38-B5B2EF1D342E}.Release|x64.Build.0 = Release|Any CPU
		{945A005B-1BB6-4C26-AD38-B5B2EF1D342E}.Release|x86.ActiveCfg = Release|Any CPU
		{945A005B-1BB6-4C26-AD38-B5B2EF1D342E}.Release|x86.Build.0 = Release|Any CPU
	EndGlobalSection
	GlobalSection(SolutionProperties) = preSolution
		HideSolutionNode = FALSE
	EndGlobalSection
	GlobalSection(NestedProjects) = preSolution
		{43EF23B7-AF25-452C-9B22-93041929DC9A} = {D7316966-CDBC-40E4-AA35-C2EF451D062E}
		{C4C7AF52-9BE6-4E9F-9840-F059D24E35EE} = {D7316966-CDBC-40E4-AA35-C2EF451D062E}
		{D33951FB-CA24-4719-BFD4-6188E7F38A71} = {7AF7982D-5FF0-4319-BB4A-51C6C12371FE}
		{66A0E155-BCA7-4D42-9F17-356374A45C01} = {7AF7982D-5FF0-4319-BB4A-51C6C12371FE}
		{11C225F8-081C-4408-8471-E618DDDDD7D3} = {7AF7982D-5FF0-4319-BB4A-51C6C12371FE}
		{945A005B-1BB6-4C26-AD38-B5B2EF1D342E} = {7AF7982D-5FF0-4319-BB4A-51C6C12371FE}
	EndGlobalSection
	GlobalSection(ExtensibilityGlobals) = postSolution
		SolutionGuid = {85A3CBE0-873F-42BD-BB61-687FB13780B0}
	EndGlobalSection
EndGlobal
